
Microsoft Visual Studio Solution File, Format Version 12.00
# Visual Studio Version 16
VisualStudioVersion = 16.0.31313.79
MinimumVisualStudioVersion = 10.0.40219.1
Project("{FAE04EC0-301F-11D3-BF4B-00C04F79EFBC}") = "WebApplicationProoductCrud", "WebApplicationProoductCrud\WebApplicationProoductCrud.csproj", "{C1F05A34-9DB4-4D5D-8B34-266622DCB4CF}"
EndProject
Global
	GlobalSection(SolutionConfigurationPlatforms) = preSolution
		Debug|Any CPU = Debug|Any CPU
		Release|Any CPU = Release|Any CPU
	EndGlobalSection
	GlobalSection(ProjectConfigurationPlatforms) = postSolution
		{C1F05A34-9DB4-4D5D-8B34-266622DCB4CF}.Debug|Any CPU.ActiveCfg = Debug|Any CPU
		{C1F05A34-9DB4-4D5D-8B34-266622DCB4CF}.Debug|Any CPU.Build.0 = Debug|Any CPU
		{C1F05A34-9DB4-4D5D-8B34-266622DCB4CF}.Release|Any CPU.ActiveCfg = Release|Any CPU
		{C1F05A34-9DB4-4D5D-8B34-266622DCB4CF}.Release|Any CPU.Build.0 = Release|Any CPU
	EndGlobalSection
	GlobalSection(SolutionProperties) = preSolution
		HideSolutionNode = FALSE
	EndGlobalSection
	GlobalSection(ExtensibilityGlobals) = postSolution
		SolutionGuid = {A906FBFF-32A8-4C96-960B-7E5D4FD2EA0F}
	EndGlobalSection
EndGlobal
